
Microsoft Visual Studio Solution File, Format Version 12.00
# Visual Studio Version 17
VisualStudioVersion = 17.3.32901.215
MinimumVisualStudioVersion = 10.0.40219.1
Project("{FAE04EC0-301F-11D3-BF4B-00C04F79EFBC}") = "Prueba_Front_Josue_Minaya", "Prueba_Front_Josue_Minaya\Prueba_Front_Josue_Minaya.csproj", "{AF15B338-FB53-41F1-8036-987AB8C197CB}"
EndProject
Global
	GlobalSection(SolutionConfigurationPlatforms) = preSolution
		Debug|Any CPU = Debug|Any CPU
		Release|Any CPU = Release|Any CPU
	EndGlobalSection
	GlobalSection(ProjectConfigurationPlatforms) = postSolution
		{AF15B338-FB53-41F1-8036-987AB8C197CB}.Debug|Any CPU.ActiveCfg = Debug|Any CPU
		{AF15B338-FB53-41F1-8036-987AB8C197CB}.Debug|Any CPU.Build.0 = Debug|Any CPU
		{AF15B338-FB53-41F1-8036-987AB8C197CB}.Release|Any CPU.ActiveCfg = Release|Any CPU
		{AF15B338-FB53-41F1-8036-987AB8C197CB}.Release|Any CPU.Build.0 = Release|Any CPU
	EndGlobalSection
	GlobalSection(SolutionProperties) = preSolution
		HideSolutionNode = FALSE
	EndGlobalSection
	GlobalSection(ExtensibilityGlobals) = postSolution
		SolutionGuid = {8B51807F-160B-4FF9-80BC-D2C6B50D6C4A}
	EndGlobalSection
EndGlobal
